
Microsoft Visual Studio Solution File, Format Version 12.00
# Visual Studio 15
VisualStudioVersion = 15.0.28307.960
MinimumVisualStudioVersion = 10.0.40219.1
Project("{FAE04EC0-301F-11D3-BF4B-00C04F79EFBC}") = "Usabilla", "Usabilla\Usabilla.csproj", "{249ABF93-D207-4F97-A25A-239C5F3D69EE}"
EndProject
Global
	GlobalSection(SolutionConfigurationPlatforms) = preSolution
		Debug|Any CPU = Debug|Any CPU
		Release|Any CPU = Release|Any CPU
	EndGlobalSection
	GlobalSection(ProjectConfigurationPlatforms) = postSolution
		{249ABF93-D207-4F97-A25A-239C5F3D69EE}.Debug|Any CPU.ActiveCfg = Debug|Any CPU
		{249ABF93-D207-4F97-A25A-239C5F3D69EE}.Debug|Any CPU.Build.0 = Debug|Any CPU
		{249ABF93-D207-4F97-A25A-239C5F3D69EE}.Release|Any CPU.ActiveCfg = Release|Any CPU
		{249ABF93-D207-4F97-A25A-239C5F3D69EE}.Release|Any CPU.Build.0 = Release|Any CPU
	EndGlobalSection
	GlobalSection(SolutionProperties) = preSolution
		HideSolutionNode = FALSE
	EndGlobalSection
	GlobalSection(ExtensibilityGlobals) = postSolution
		SolutionGuid = {77CB3A06-91F4-4279-AF01-8038DC1B4246}
	EndGlobalSection
EndGlobal
